// !$*UTF8*$!
{
	archiveVersion = 1;
	classes = {
	};
	objectVersion = 50;
	objects = {

/* Begin PBXBuildFile section */
		9C3E2ABD24399144004CF3BB /* BorderButton.swift in Sources */ = {isa = PBXBuildFile; fileRef = 9C3E2ABC24399144004CF3BB /* BorderButton.swift */; };
		9C572921243A7B7E006152FA /* LeagueVC.swift in Sources */ = {isa = PBXBuildFile; fileRef = 9C572920243A7B7E006152FA /* LeagueVC.swift */; };
		9C572923243A7B8D006152FA /* SkillVC.swift in Sources */ = {isa = PBXBuildFile; fileRef = 9C572922243A7B8D006152FA /* SkillVC.swift */; };
		9C7E202E243A9E150076F15A /* Player.swift in Sources */ = {isa = PBXBuildFile; fileRef = 9C7E202D243A9E150076F15A /* Player.swift */; };
		9CAA102124398CBF00F3A045 /* AppDelegate.swift in Sources */ = {isa = PBXBuildFile; fileRef = 9CAA102024398CBF00F3A045 /* AppDelegate.swift */; };
		9CAA102324398CBF00F3A045 /* SceneDelegate.swift in Sources */ = {isa = PBXBuildFile; fileRef = 9CAA102224398CBF00F3A045 /* SceneDelegate.swift */; };
		9CAA102524398CBF00F3A045 /* WelcomeVC.swift in Sources */ = {isa = PBXBuildFile; fileRef = 9CAA102424398CBF00F3A045 /* WelcomeVC.swift */; };
		9CAA102824398CBF00F3A045 /* Main.storyboard in Resources */ = {isa = PBXBuildFile; fileRef = 9CAA102624398CBF00F3A045 /* Main.storyboard */; };
		9CAA102A24398CC000F3A045 /* Assets.xcassets in Resources */ = {isa = PBXBuildFile; fileRef = 9CAA102924398CC000F3A045 /* Assets.xcassets */; };
		9CAA102D24398CC000F3A045 /* LaunchScreen.storyboard in Resources */ = {isa = PBXBuildFile; fileRef = 9CAA102B24398CC000F3A045 /* LaunchScreen.storyboard */; };
/* End PBXBuildFile section */

/* Begin PBXFileReference section */
		9C3E2ABC24399144004CF3BB /* BorderButton.swift */ = {isa = PBXFileReference; lastKnownFileType = sourcecode.swift; path = BorderButton.swift; sourceTree = "<group>"; };
		9C572920243A7B7E006152FA /* LeagueVC.swift */ = {isa = PBXFileReference; lastKnownFileType = sourcecode.swift; path = LeagueVC.swift; sourceTree = "<group>"; };
		9C572922243A7B8D006152FA /* SkillVC.swift */ = {isa = PBXFileReference; lastKnownFileType = sourcecode.swift; path = SkillVC.swift; sourceTree = "<group>"; };
		9C7E202D243A9E150076F15A /* Player.swift */ = {isa = PBXFileReference; lastKnownFileType = sourcecode.swift; path = Player.swift; sourceTree = "<group>"; };
		9CAA101D24398CBF00F3A045 /* app-swoosh.app */ = {isa = PBXFileReference; explicitFileType = wrapper.application; includeInIndex = 0; path = "app-swoosh.app"; sourceTree = BUILT_PRODUCTS_DIR; };
		9CAA102024398CBF00F3A045 /* AppDelegate.swift */ = {isa = PBXFileReference; lastKnownFileType = sourcecode.swift; path = AppDelegate.swift; sourceTree = "<group>"; };
		9CAA102224398CBF00F3A045 /* SceneDelegate.swift */ = {isa = PBXFileReference; lastKnownFileType = sourcecode.swift; path = SceneDelegate.swift; sourceTree = "<group>"; };
		9CAA102424398CBF00F3A045 /* WelcomeVC.swift */ = {isa = PBXFileReference; lastKnownFileType = sourcecode.swift; path = WelcomeVC.swift; sourceTree = "<group>"; };
		9CAA102724398CBF00F3A045 /* Base */ = {isa = PBXFileReference; lastKnownFileType = file.storyboard; name = Base; path = Base.lproj/Main.storyboard; sourceTree = "<group>"; };
		9CAA102924398CC000F3A045 /* Assets.xcassets */ = {isa = PBXFileReference; lastKnownFileType = folder.assetcatalog; path = Assets.xcassets; sourceTree = "<group>"; };
		9CAA102C24398CC000F3A045 /* Base */ = {isa = PBXFileReference; lastKnownFileType = file.storyboard; name = Base; path = Base.lproj/LaunchScreen.storyboard; sourceTree = "<group>"; };
		9CAA102E24398CC000F3A045 /* Info.plist */ = {isa = PBXFileReference; lastKnownFileType = text.plist.xml; path = Info.plist; sourceTree = "<group>"; };
/* End PBXFileReference section */

/* Begin PBXFrameworksBuildPhase section */
		9CAA101A24398CBF00F3A045 /* Frameworks */ = {
			isa = PBXFrameworksBuildPhase;
			buildActionMask = 2147483647;
			files = (
			);
			runOnlyForDeploymentPostprocessing = 0;
		};
/* End PBXFrameworksBuildPhase section */

/* Begin PBXGroup section */
		9C3E2ABB24399115004CF3BB /* View */ = {
			isa = PBXGroup;
			children = (
				9C3E2ABC24399144004CF3BB /* BorderButton.swift */,
			);
			path = View;
			sourceTree = "<group>";
		};
		9C57291E243A7736006152FA /* Model */ = {
			isa = PBXGroup;
			children = (
				9C7E202D243A9E150076F15A /* Player.swift */,
			);
			path = Model;
			sourceTree = "<group>";
		};
		9C57291F243A7745006152FA /* Controller */ = {
			isa = PBXGroup;
			children = (
				9CAA102424398CBF00F3A045 /* WelcomeVC.swift */,
				9C572920243A7B7E006152FA /* LeagueVC.swift */,
				9C572922243A7B8D006152FA /* SkillVC.swift */,
			);
			path = Controller;
			sourceTree = "<group>";
		};
		9CAA101424398CBF00F3A045 = {
			isa = PBXGroup;
			children = (
				9CAA101F24398CBF00F3A045 /* app-swoosh */,
				9CAA101E24398CBF00F3A045 /* Products */,
			);
			sourceTree = "<group>";
		};
		9CAA101E24398CBF00F3A045 /* Products */ = {
			isa = PBXGroup;
			children = (
				9CAA101D24398CBF00F3A045 /* app-swoosh.app */,
			);
			name = Products;
			sourceTree = "<group>";
		};
		9CAA101F24398CBF00F3A045 /* app-swoosh */ = {
			isa = PBXGroup;
			children = (
				9C57291F243A7745006152FA /* Controller */,
				9C57291E243A7736006152FA /* Model */,
				9C3E2ABB24399115004CF3BB /* View */,
				9CAA102024398CBF00F3A045 /* AppDelegate.swift */,
				9CAA102224398CBF00F3A045 /* SceneDelegate.swift */,
				9CAA102624398CBF00F3A045 /* Main.storyboard */,
				9CAA102924398CC000F3A045 /* Assets.xcassets */,
				9CAA102B24398CC000F3A045 /* LaunchScreen.storyboard */,
				9CAA102E24398CC000F3A045 /* Info.plist */,
			);
			path = "app-swoosh";
			sourceTree = "<group>";
		};
/* End PBXGroup section */

/* Begin PBXNativeTarget section */
		9CAA101C24398CBF00F3A045 /* app-swoosh */ = {
			isa = PBXNativeTarget;
			buildConfigurationList = 9CAA103124398CC000F3A045 /* Build configuration list for PBXNativeTarget "app-swoosh" */;
			buildPhases = (
				9CAA101924398CBF00F3A045 /* Sources */,
				9CAA101A24398CBF00F3A045 /* Frameworks */,
				9CAA101B24398CBF00F3A045 /* Resources */,
			);
			buildRules = (
			);
			dependencies = (
			);
			name = "app-swoosh";
			productName = "app-swoosh";
			productReference = 9CAA101D24398CBF00F3A045 /* app-swoosh.app */;
			productType = "com.apple.product-type.application";
		};
/* End PBXNativeTarget section */

/* Begin PBXProject section */
		9CAA101524398CBF00F3A045 /* Project object */ = {
			isa = PBXProject;
			attributes = {
				LastSwiftUpdateCheck = 1140;
				LastUpgradeCheck = 1140;
				ORGANIZATIONNAME = "Nico Yeager";
				TargetAttributes = {
					9CAA101C24398CBF00F3A045 = {
						CreatedOnToolsVersion = 11.4;
					};
				};
			};
			buildConfigurationList = 9CAA101824398CBF00F3A045 /* Build configuration list for PBXProject "app-swoosh" */;
			compatibilityVersion = "Xcode 9.3";
			developmentRegion = en;
			hasScannedForEncodings = 0;
			knownRegions = (
				en,
				Base,
			);
			mainGroup = 9CAA101424398CBF00F3A045;
			productRefGroup = 9CAA101E24398CBF00F3A045 /* Products */;
			projectDirPath = "";
			projectRoot = "";
			targets = (
				9CAA101C24398CBF00F3A045 /* app-swoosh */,
			);
		};
/* End PBXProject section */

/* Begin PBXResourcesBuildPhase section */
		9CAA101B24398CBF00F3A045 /* Resources */ = {
			isa = PBXResourcesBuildPhase;
			buildActionMask = 2147483647;
			files = (
				9CAA102D24398CC000F3A045 /* LaunchScreen.storyboard in Resources */,
				9CAA102A24398CC000F3A045 /* Assets.xcassets in Resources */,
				9CAA102824398CBF00F3A045 /* Main.storyboard in Resources */,
			);
			runOnlyForDeploymentPostprocessing = 0;
		};
/* End PBXResourcesBuildPhase section */

/* Begin PBXSourcesBuildPhase section */
		9CAA101924398CBF00F3A045 /* Sources */ = {
			isa = PBXSourcesBuildPhase;
			buildActionMask = 2147483647;
			files = (
				9CAA102524398CBF00F3A045 /* WelcomeVC.swift in Sources */,
				9CAA102124398CBF00F3A045 /* AppDelegate.swift in Sources */,
				9CAA102324398CBF00F3A045 /* SceneDelegate.swift in Sources */,
				9C3E2ABD24399144004CF3BB /* BorderButton.swift in Sources */,
				9C7E202E243A9E150076F15A /* Player.swift in Sources */,
				9C572923243A7B8D006152FA /* SkillVC.swift in Sources */,
				9C572921243A7B7E006152FA /* LeagueVC.swift in Sources */,
			);
			runOnlyForDeploymentPostprocessing = 0;
		};
/* End PBXSourcesBuildPhase section */

/* Begin PBXVariantGroup section */
		9CAA102624398CBF00F3A045 /* Main.storyboard */ = {
			isa = PBXVariantGroup;
			children = (
				9CAA102724398CBF00F3A045 /* Base */,
			);
			name = Main.storyboard;
			sourceTree = "<group>";
		};
		9CAA102B24398CC000F3A045 /* LaunchScreen.storyboard */ = {
			isa = PBXVariantGroup;
			children = (
				9CAA102C24398CC000F3A045 /* Base */,
			);
			name = LaunchScreen.storyboard;
			sourceTree = "<group>";
		};
/* End PBXVariantGroup section */

/* Begin XCBuildConfiguration section */
		9CAA102F24398CC000F3A045 /* Debug */ = {
			isa = XCBuildConfiguration;
			buildSettings = {
				ALWAYS_SEARCH_USER_PATHS = NO;
				CLANG_ANALYZER_NONNULL = YES;
				CLANG_ANALYZER_NUMBER_OBJECT_CONVERSION = YES_AGGRESSIVE;
				CLANG_CXX_LANGUAGE_STANDARD = "gnu++14";
				CLANG_CXX_LIBRARY = "libc++";
				CLANG_ENABLE_MODULES = YES;
				CLANG_ENABLE_OBJC_ARC = YES;
				CLANG_ENABLE_OBJC_WEAK = YES;
				CLANG_WARN_BLOCK_CAPTURE_AUTORELEASING = YES;
				CLANG_WARN_BOOL_CONVERSION = YES;
				CLANG_WARN_COMMA = YES;
				CLANG_WARN_CONSTANT_CONVERSION = YES;
				CLANG_WARN_DEPRECATED_OBJC_IMPLEMENTATIONS = YES;
				CLANG_WARN_DIRECT_OBJC_ISA_USAGE = YES_ERROR;
				CLANG_WARN_DOCUMENTATION_COMMENTS = YES;
				CLANG_WARN_EMPTY_BODY = YES;
				CLANG_WARN_ENUM_CONVERSION = YES;
				CLANG_WARN_INFINITE_RECURSION = YES;
				CLANG_WARN_INT_CONVERSION = YES;
				CLANG_WARN_NON_LITERAL_NULL_CONVERSION = YES;
				CLANG_WARN_OBJC_IMPLICIT_RETAIN_SELF = YES;
				CLANG_WARN_OBJC_LITERAL_CONVERSION = YES;
				CLANG_WARN_OBJC_ROOT_CLASS = YES_ERROR;
				CLANG_WARN_RANGE_LOOP_ANALYSIS = YES;
				CLANG_WARN_STRICT_PROTOTYPES = YES;
				CLANG_WARN_SUSPICIOUS_MOVE = YES;
				CLANG_WARN_UNGUARDED_AVAILABILITY = YES_AGGRESSIVE;
				CLANG_WARN_UNREACHABLE_CODE = YES;
				CLANG_WARN__DUPLICATE_METHOD_MATCH = YES;
				COPY_PHASE_STRIP = NO;
				DEBUG_INFORMATION_FORMAT = dwarf;
				ENABLE_STRICT_OBJC_MSGSEND = YES;
				ENABLE_TESTABILITY = YES;
				GCC_C_LANGUAGE_STANDARD = gnu11;
				GCC_DYNAMIC_NO_PIC = NO;
				GCC_NO_COMMON_BLOCKS = YES;
				GCC_OPTIMIZATION_LEVEL = 0;
				GCC_PREPROCESSOR_DEFINITIONS = (
					"DEBUG=1",
					"$(inherited)",
				);
				GCC_WARN_64_TO_32_BIT_CONVERSION = YES;
				GCC_WARN_ABOUT_RETURN_TYPE = YES_ERROR;
				GCC_WARN_UNDECLARED_SELECTOR = YES;
				GCC_WARN_UNINITIALIZED_AUTOS = YES_AGGRESSIVE;
				GCC_WARN_UNUSED_FUNCTION = YES;
				GCC_WARN_UNUSED_VARIABLE = YES;
				IPHONEOS_DEPLOYMENT_TARGET = 13.4;
				MTL_ENABLE_DEBUG_INFO = INCLUDE_SOURCE;
				MTL_FAST_MATH = YES;
				ONLY_ACTIVE_ARCH = YES;
				SDKROOT = iphoneos;
				SWIFT_ACTIVE_COMPILATION_CONDITIONS = DEBUG;
				SWIFT_OPTIMIZATION_LEVEL = "-Onone";
			};
			name = Debug;
		};
		9CAA103024398CC000F3A045 /* Release */ = {
			isa = XCBuildConfiguration;
			buildSettings = {
				ALWAYS_SEARCH_USER_PATHS = NO;
				CLANG_ANALYZER_NONNULL = YES;
				CLANG_ANALYZER_NUMBER_OBJECT_CONVERSION = YES_AGGRESSIVE;
				CLANG_CXX_LANGUAGE_STANDARD = "gnu++14";
				CLANG_CXX_LIBRARY = "libc++";
				CLANG_ENABLE_MODULES = YES;
				CLANG_ENABLE_OBJC_ARC = YES;
				CLANG_ENABLE_OBJC_WEAK = YES;
				CLANG_WARN_BLOCK_CAPTURE_AUTORELEASING = YES;
				CLANG_WARN_BOOL_CONVERSION = YES;
				CLANG_WARN_COMMA = YES;
				CLANG_WARN_CONSTANT_CONVERSION = YES;
				CLANG_WARN_DEPRECATED_OBJC_IMPLEMENTATIONS = YES;
				CLANG_WARN_DIRECT_OBJC_ISA_USAGE = YES_ERROR;
				CLANG_WARN_DOCUMENTATION_COMMENTS = YES;
				CLANG_WARN_EMPTY_BODY = YES;
				CLANG_WARN_ENUM_CONVERSION = YES;
				CLANG_WARN_INFINITE_RECURSION = YES;
				CLANG_WARN_INT_CONVERSION = YES;
				CLANG_WARN_NON_LITERAL_NULL_CONVERSION = YES;
				CLANG_WARN_OBJC_IMPLICIT_RETAIN_SELF = YES;
				CLANG_WARN_OBJC_LITERAL_CONVERSION = YES;
				CLANG_WARN_OBJC_ROOT_CLASS = YES_ERROR;
				CLANG_WARN_RANGE_LOOP_ANALYSIS = YES;
				CLANG_WARN_STRICT_PROTOTYPES = YES;
				CLANG_WARN_SUSPICIOUS_MOVE = YES;
				CLANG_WARN_UNGUARDED_AVAILABILITY = YES_AGGRESSIVE;
				CLANG_WARN_UNREACHABLE_CODE = YES;
				CLANG_WARN__DUPLICATE_METHOD_MATCH = YES;
				COPY_PHASE_STRIP = NO;
				DEBUG_INFORMATION_FORMAT = "dwarf-with-dsym";
				ENABLE_NS_ASSERTIONS = NO;
				ENABLE_STRICT_OBJC_MSGSEND = YES;
				GCC_C_LANGUAGE_STANDARD = gnu11;
				GCC_NO_COMMON_BLOCKS = YES;
				GCC_WARN_64_TO_32_BIT_CONVERSION = YES;
				GCC_WARN_ABOUT_RETURN_TYPE = YES_ERROR;
				GCC_WARN_UNDECLARED_SELECTOR = YES;
				GCC_WARN_UNINITIALIZED_AUTOS = YES_AGGRESSIVE;
				GCC_WARN_UNUSED_FUNCTION = YES;
				GCC_WARN_UNUSED_VARIABLE = YES;
				IPHONEOS_DEPLOYMENT_TARGET = 13.4;
				MTL_ENABLE_DEBUG_INFO = NO;
				MTL_FAST_MATH = YES;
				SDKROOT = iphoneos;
				SWIFT_COMPILATION_MODE = wholemodule;
				SWIFT_OPTIMIZATION_LEVEL = "-O";
				VALIDATE_PRODUCT = YES;
			};
			name = Release;
		};
		9CAA103224398CC000F3A045 /* Debug */ = {
			isa = XCBuildConfiguration;
			buildSettings = {
				ASSETCATALOG_COMPILER_APPICON_NAME = AppIcon;
				CODE_SIGN_STYLE = Automatic;
				INFOPLIST_FILE = "app-swoosh/Info.plist";
				LD_RUNPATH_SEARCH_PATHS = (
					"$(inherited)",
					"@executable_path/Frameworks",
				);
				PRODUCT_BUNDLE_IDENTIFIER = "com.nico-yeager.app-swoosh";
				PRODUCT_NAME = "$(TARGET_NAME)";
				SWIFT_VERSION = 5.0;
				TARGETED_DEVICE_FAMILY = "1,2";
			};
			name = Debug;
		};
		9CAA103324398CC000F3A045 /* Release */ = {
			isa = XCBuildConfiguration;
			buildSettings = {
				ASSETCATALOG_COMPILER_APPICON_NAME = AppIcon;
				CODE_SIGN_STYLE = Automatic;
				INFOPLIST_FILE = "app-swoosh/Info.plist";
				LD_RUNPATH_SEARCH_PATHS = (
					"$(inherited)",
					"@executable_path/Frameworks",
				);
				PRODUCT_BUNDLE_IDENTIFIER = "com.nico-yeager.app-swoosh";
				PRODUCT_NAME = "$(TARGET_NAME)";
				SWIFT_VERSION = 5.0;
				TARGETED_DEVICE_FAMILY = "1,2";
			};
			name = Release;
		};
/* End XCBuildConfiguration section */

/* Begin XCConfigurationList section */
		9CAA101824398CBF00F3A045 /* Build configuration list for PBXProject "app-swoosh" */ = {
			isa = XCConfigurationList;
			buildConfigurations = (
				9CAA102F24398CC000F3A045 /* Debug */,
				9CAA103024398CC000F3A045 /* Release */,
			);
			defaultConfigurationIsVisible = 0;
			defaultConfigurationName = Release;
		};
		9CAA103124398CC000F3A045 /* Build configuration list for PBXNativeTarget "app-swoosh" */ = {
			isa = XCConfigurationList;
			buildConfigurations = (
				9CAA103224398CC000F3A045 /* Debug */,
				9CAA103324398CC000F3A045 /* Release */,
			);
			defaultConfigurationIsVisible = 0;
			defaultConfigurationName = Release;
		};
/* End XCConfigurationList section */
	};
	rootObject = 9CAA101524398CBF00F3A045 /* Project object */;
}
